// !$*UTF8*$!
{
	archiveVersion = 1;
	classes = {
	};
	objectVersion = 46;
	objects = {

/* Begin PBXBuildFile section */
		A926DDB31B0615500038F587 /* AppDelegate.swift in Sources */ = {isa = PBXBuildFile; fileRef = A926DDB21B0615500038F587 /* AppDelegate.swift */; };
		A926DDB51B0615500038F587 /* ViewController.swift in Sources */ = {isa = PBXBuildFile; fileRef = A926DDB41B0615500038F587 /* ViewController.swift */; };
		A926DDB81B0615500038F587 /* Main.storyboard in Resources */ = {isa = PBXBuildFile; fileRef = A926DDB61B0615500038F587 /* Main.storyboard */; };
		A926DDBA1B0615500038F587 /* Images.xcassets in Resources */ = {isa = PBXBuildFile; fileRef = A926DDB91B0615500038F587 /* Images.xcassets */; };
		A926DDBD1B0615500038F587 /* LaunchScreen.xib in Resources */ = {isa = PBXBuildFile; fileRef = A926DDBB1B0615500038F587 /* LaunchScreen.xib */; };
		A926DDC91B0615500038F587 /* Pitch_PerfectTests.swift in Sources */ = {isa = PBXBuildFile; fileRef = A926DDC81B0615500038F587 /* Pitch_PerfectTests.swift */; };
/* End PBXBuildFile section */

/* Begin PBXContainerItemProxy section */
		A926DDC31B0615500038F587 /* PBXContainerItemProxy */ = {
			isa = PBXContainerItemProxy;
			containerPortal = A926DDA51B0615500038F587 /* Project object */;
			proxyType = 1;
			remoteGlobalIDString = A926DDAC1B0615500038F587;
			remoteInfo = "Pitch Perfect";
		};
/* End PBXContainerItemProxy section */

/* Begin PBXFileReference section */
		A926DDAD1B0615500038F587 /* Pitch Perfect.app */ = {isa = PBXFileReference; explicitFileType = wrapper.application; includeInIndex = 0; path = "Pitch Perfect.app"; sourceTree = BUILT_PRODUCTS_DIR; };
		A926DDB11B0615500038F587 /* Info.plist */ = {isa = PBXFileReference; lastKnownFileType = text.plist.xml; path = Info.plist; sourceTree = "<group>"; };
		A926DDB21B0615500038F587 /* AppDelegate.swift */ = {isa = PBXFileReference; lastKnownFileType = sourcecode.swift; path = AppDelegate.swift; sourceTree = "<group>"; };
		A926DDB41B0615500038F587 /* ViewController.swift */ = {isa = PBXFileReference; lastKnownFileType = sourcecode.swift; path = ViewController.swift; sourceTree = "<group>"; };
		A926DDB71B0615500038F587 /* Base */ = {isa = PBXFileReference; lastKnownFileType = file.storyboard; name = Base; path = Base.lproj/Main.storyboard; sourceTree = "<group>"; };
		A926DDB91B0615500038F587 /* Images.xcassets */ = {isa = PBXFileReference; lastKnownFileType = folder.assetcatalog; path = Images.xcassets; sourceTree = "<group>"; };
		A926DDBC1B0615500038F587 /* Base */ = {isa = PBXFileReference; lastKnownFileType = file.xib; name = Base; path = Base.lproj/LaunchScreen.xib; sourceTree = "<group>"; };
		A926DDC21B0615500038F587 /* Pitch PerfectTests.xctest */ = {isa = PBXFileReference; explicitFileType = wrapper.cfbundle; includeInIndex = 0; path = "Pitch PerfectTests.xctest"; sourceTree = BUILT_PRODUCTS_DIR; };
		A926DDC71B0615500038F587 /* Info.plist */ = {isa = PBXFileReference; lastKnownFileType = text.plist.xml; path = Info.plist; sourceTree = "<group>"; };
		A926DDC81B0615500038F587 /* Pitch_PerfectTests.swift */ = {isa = PBXFileReference; lastKnownFileType = sourcecode.swift; path = Pitch_PerfectTests.swift; sourceTree = "<group>"; };
/* End PBXFileReference section */

/* Begin PBXFrameworksBuildPhase section */
		A926DDAA1B0615500038F587 /* Frameworks */ = {
			isa = PBXFrameworksBuildPhase;
			buildActionMask = 2147483647;
			files = (
			);
			runOnlyForDeploymentPostprocessing = 0;
		};
		A926DDBF1B0615500038F587 /* Frameworks */ = {
			isa = PBXFrameworksBuildPhase;
			buildActionMask = 2147483647;
			files = (
			);
			runOnlyForDeploymentPostprocessing = 0;
		};
/* End PBXFrameworksBuildPhase section */

/* Begin PBXGroup section */
		A926DDA41B0615500038F587 = {
			isa = PBXGroup;
			children = (
				A926DDAF1B0615500038F587 /* Pitch Perfect */,
				A926DDC51B0615500038F587 /* Pitch PerfectTests */,
				A926DDAE1B0615500038F587 /* Products */,
			);
			sourceTree = "<group>";
		};
		A926DDAE1B0615500038F587 /* Products */ = {
			isa = PBXGroup;
			children = (
				A926DDAD1B0615500038F587 /* Pitch Perfect.app */,
				A926DDC21B0615500038F587 /* Pitch PerfectTests.xctest */,
			);
			name = Products;
			sourceTree = "<group>";
		};
		A926DDAF1B0615500038F587 /* Pitch Perfect */ = {
			isa = PBXGroup;
			children = (
				A926DDB21B0615500038F587 /* AppDelegate.swift */,
				A926DDB41B0615500038F587 /* ViewController.swift */,
				A926DDB61B0615500038F587 /* Main.storyboard */,
				A926DDB91B0615500038F587 /* Images.xcassets */,
				A926DDBB1B0615500038F587 /* LaunchScreen.xib */,
				A926DDB01B0615500038F587 /* Supporting Files */,
			);
			path = "Pitch Perfect";
			sourceTree = "<group>";
		};
		A926DDB01B0615500038F587 /* Supporting Files */ = {
			isa = PBXGroup;
			children = (
				A926DDB11B0615500038F587 /* Info.plist */,
			);
			name = "Supporting Files";
			sourceTree = "<group>";
		};
		A926DDC51B0615500038F587 /* Pitch PerfectTests */ = {
			isa = PBXGroup;
			children = (
				A926DDC81B0615500038F587 /* Pitch_PerfectTests.swift */,
				A926DDC61B0615500038F587 /* Supporting Files */,
			);
			path = "Pitch PerfectTests";
			sourceTree = "<group>";
		};
		A926DDC61B0615500038F587 /* Supporting Files */ = {
			isa = PBXGroup;
			children = (
				A926DDC71B0615500038F587 /* Info.plist */,
			);
			name = "Supporting Files";
			sourceTree = "<group>";
		};
/* End PBXGroup section */

/* Begin PBXNativeTarget section */
		A926DDAC1B0615500038F587 /* Pitch Perfect */ = {
			isa = PBXNativeTarget;
			buildConfigurationList = A926DDCC1B0615500038F587 /* Build configuration list for PBXNativeTarget "Pitch Perfect" */;
			buildPhases = (
				A926DDA91B0615500038F587 /* Sources */,
				A926DDAA1B0615500038F587 /* Frameworks */,
				A926DDAB1B0615500038F587 /* Resources */,
			);
			buildRules = (
			);
			dependencies = (
			);
			name = "Pitch Perfect";
			productName = "Pitch Perfect";
			productReference = A926DDAD1B0615500038F587 /* Pitch Perfect.app */;
			productType = "com.apple.product-type.application";
		};
		A926DDC11B0615500038F587 /* Pitch PerfectTests */ = {
			isa = PBXNativeTarget;
			buildConfigurationList = A926DDCF1B0615500038F587 /* Build configuration list for PBXNativeTarget "Pitch PerfectTests" */;
			buildPhases = (
				A926DDBE1B0615500038F587 /* Sources */,
				A926DDBF1B0615500038F587 /* Frameworks */,
				A926DDC01B0615500038F587 /* Resources */,
			);
			buildRules = (
			);
			dependencies = (
				A926DDC41B0615500038F587 /* PBXTargetDependency */,
			);
			name = "Pitch PerfectTests";
			productName = "Pitch PerfectTests";
			productReference = A926DDC21B0615500038F587 /* Pitch PerfectTests.xctest */;
			productType = "com.apple.product-type.bundle.unit-test";
		};
/* End PBXNativeTarget section */

/* Begin PBXProject section */
		A926DDA51B0615500038F587 /* Project object */ = {
			isa = PBXProject;
			attributes = {
				LastUpgradeCheck = 0630;
				ORGANIZATIONNAME = "Ludocrous Software";
				TargetAttributes = {
					A926DDAC1B0615500038F587 = {
						CreatedOnToolsVersion = 6.3.1;
					};
					A926DDC11B0615500038F587 = {
						CreatedOnToolsVersion = 6.3.1;
						TestTargetID = A926DDAC1B0615500038F587;
					};
				};
			};
			buildConfigurationList = A926DDA81B0615500038F587 /* Build configuration list for PBXProject "Pitch Perfect" */;
			compatibilityVersion = "Xcode 3.2";
			developmentRegion = English;
			hasScannedForEncodings = 0;
			knownRegions = (
				en,
				Base,
			);
			mainGroup = A926DDA41B0615500038F587;
			productRefGroup = A926DDAE1B0615500038F587 /* Products */;
			projectDirPath = "";
			projectRoot = "";
			targets = (
				A926DDAC1B0615500038F587 /* Pitch Perfect */,
				A926DDC11B0615500038F587 /* Pitch PerfectTests */,
			);
		};
/* End PBXProject section */

/* Begin PBXResourcesBuildPhase section */
		A926DDAB1B0615500038F587 /* Resources */ = {
			isa = PBXResourcesBuildPhase;
			buildActionMask = 2147483647;
			files = (
				A926DDB81B0615500038F587 /* Main.storyboard in Resources */,
				A926DDBD1B0615500038F587 /* LaunchScreen.xib in Resources */,
				A926DDBA1B0615500038F587 /* Images.xcassets in Resources */,
			);
			runOnlyForDeploymentPostprocessing = 0;
		};
		A926DDC01B0615500038F587 /* Resources */ = {
			isa = PBXResourcesBuildPhase;
			buildActionMask = 2147483647;
			files = (
			);
			runOnlyForDeploymentPostprocessing = 0;
		};
/* End PBXResourcesBuildPhase section */

/* Begin PBXSourcesBuildPhase section */
		A926DDA91B0615500038F587 /* Sources */ = {
			isa = PBXSourcesBuildPhase;
			buildActionMask = 2147483647;
			files = (
				A926DDB51B0615500038F587 /* ViewController.swift in Sources */,
				A926DDB31B0615500038F587 /* AppDelegate.swift in Sources */,
			);
			runOnlyForDeploymentPostprocessing = 0;
		};
		A926DDBE1B0615500038F587 /* Sources */ = {
			isa = PBXSourcesBuildPhase;
			buildActionMask = 2147483647;
			files = (
				A926DDC91B0615500038F587 /* Pitch_PerfectTests.swift in Sources */,
			);
			runOnlyForDeploymentPostprocessing = 0;
		};
/* End PBXSourcesBuildPhase section */

/* Begin PBXTargetDependency section */
		A926DDC41B0615500038F587 /* PBXTargetDependency */ = {
			isa = PBXTargetDependency;
			target = A926DDAC1B0615500038F587 /* Pitch Perfect */;
			targetProxy = A926DDC31B0615500038F587 /* PBXContainerItemProxy */;
		};
/* End PBXTargetDependency section */

/* Begin PBXVariantGroup section */
		A926DDB61B0615500038F587 /* Main.storyboard */ = {
			isa = PBXVariantGroup;
			children = (
				A926DDB71B0615500038F587 /* Base */,
			);
			name = Main.storyboard;
			sourceTree = "<group>";
		};
		A926DDBB1B0615500038F587 /* LaunchScreen.xib */ = {
			isa = PBXVariantGroup;
			children = (
				A926DDBC1B0615500038F587 /* Base */,
			);
			name = LaunchScreen.xib;
			sourceTree = "<group>";
		};
/* End PBXVariantGroup section */

/* Begin XCBuildConfiguration section */
		A926DDCA1B0615500038F587 /* Debug */ = {
			isa = XCBuildConfiguration;
			buildSettings = {
				ALWAYS_SEARCH_USER_PATHS = NO;
				CLANG_CXX_LANGUAGE_STANDARD = "gnu++0x";
				CLANG_CXX_LIBRARY = "libc++";
				CLANG_ENABLE_MODULES = YES;
				CLANG_ENABLE_OBJC_ARC = YES;
				CLANG_WARN_BOOL_CONVERSION = YES;
				CLANG_WARN_CONSTANT_CONVERSION = YES;
				CLANG_WARN_DIRECT_OBJC_ISA_USAGE = YES_ERROR;
				CLANG_WARN_EMPTY_BODY = YES;
				CLANG_WARN_ENUM_CONVERSION = YES;
				CLANG_WARN_INT_CONVERSION = YES;
				CLANG_WARN_OBJC_ROOT_CLASS = YES_ERROR;
				CLANG_WARN_UNREACHABLE_CODE = YES;
				CLANG_WARN__DUPLICATE_METHOD_MATCH = YES;
				"CODE_SIGN_IDENTITY[sdk=iphoneos*]" = "iPhone Developer";
				COPY_PHASE_STRIP = NO;
				DEBUG_INFORMATION_FORMAT = "dwarf-with-dsym";
				ENABLE_STRICT_OBJC_MSGSEND = YES;
				GCC_C_LANGUAGE_STANDARD = gnu99;
				GCC_DYNAMIC_NO_PIC = NO;
				GCC_NO_COMMON_BLOCKS = YES;
				GCC_OPTIMIZATION_LEVEL = 0;
				GCC_PREPROCESSOR_DEFINITIONS = (
					"DEBUG=1",
					"$(inherited)",
				);
				GCC_SYMBOLS_PRIVATE_EXTERN = NO;
				GCC_WARN_64_TO_32_BIT_CONVERSION = YES;
				GCC_WARN_ABOUT_RETURN_TYPE = YES_ERROR;
				GCC_WARN_UNDECLARED_SELECTOR = YES;
				GCC_WARN_UNINITIALIZED_AUTOS = YES_AGGRESSIVE;
				GCC_WARN_UNUSED_FUNCTION = YES;
				GCC_WARN_UNUSED_VARIABLE = YES;
				IPHONEOS_DEPLOYMENT_TARGET = 8.3;
				MTL_ENABLE_DEBUG_INFO = YES;
				ONLY_ACTIVE_ARCH = YES;
				SDKROOT = iphoneos;
				SWIFT_OPTIMIZATION_LEVEL = "-Onone";
			};
			name = Debug;
		};
		A926DDCB1B0615500038F587 /* Release */ = {
			isa = XCBuildConfiguration;
			buildSettings = {
				ALWAYS_SEARCH_USER_PATHS = NO;
				CLANG_CXX_LANGUAGE_STANDARD = "gnu++0x";
				CLANG_CXX_LIBRARY = "libc++";
				CLANG_ENABLE_MODULES = YES;
				CLANG_ENABLE_OBJC_ARC = YES;
				CLANG_WARN_BOOL_CONVERSION = YES;
				CLANG_WARN_CONSTANT_CONVERSION = YES;
				CLANG_WARN_DIRECT_OBJC_ISA_USAGE = YES_ERROR;
				CLANG_WARN_EMPTY_BODY = YES;
				CLANG_WARN_ENUM_CONVERSION = YES;
				CLANG_WARN_INT_CONVERSION = YES;
				CLANG_WARN_OBJC_ROOT_CLASS = YES_ERROR;
				CLANG_WARN_UNREACHABLE_CODE = YES;
				CLANG_WARN__DUPLICATE_METHOD_MATCH = YES;
				"CODE_SIGN_IDENTITY[sdk=iphoneos*]" = "iPhone Developer";
				COPY_PHASE_STRIP = NO;
				DEBUG_INFORMATION_FORMAT = "dwarf-with-dsym";
				ENABLE_NS_ASSERTIONS = NO;
				ENABLE_STRICT_OBJC_MSGSEND = YES;
				GCC_C_LANGUAGE_STANDARD = gnu99;
				GCC_NO_COMMON_BLOCKS = YES;
				GCC_WARN_64_TO_32_BIT_CONVERSION = YES;
				GCC_WARN_ABOUT_RETURN_TYPE = YES_ERROR;
				GCC_WARN_UNDECLARED_SELECTOR = YES;
				GCC_WARN_UNINITIALIZED_AUTOS = YES_AGGRESSIVE;
				GCC_WARN_UNUSED_FUNCTION = YES;
				GCC_WARN_UNUSED_VARIABLE = YES;
				IPHONEOS_DEPLOYMENT_TARGET = 8.3;
				MTL_ENABLE_DEBUG_INFO = NO;
				SDKROOT = iphoneos;
				VALIDATE_PRODUCT = YES;
			};
			name = Release;
		};
		A926DDCD1B0615500038F587 /* Debug */ = {
			isa = XCBuildConfiguration;
			buildSettings = {
				ASSETCATALOG_COMPILER_APPICON_NAME = AppIcon;
				INFOPLIST_FILE = "Pitch Perfect/Info.plist";
				LD_RUNPATH_SEARCH_PATHS = "$(inherited) @executable_path/Frameworks";
				PRODUCT_NAME = "$(TARGET_NAME)";
			};
			name = Debug;
		};
		A926DDCE1B0615500038F587 /* Release */ = {
			isa = XCBuildConfiguration;
			buildSettings = {
				ASSETCATALOG_COMPILER_APPICON_NAME = AppIcon;
				INFOPLIST_FILE = "Pitch Perfect/Info.plist";
				LD_RUNPATH_SEARCH_PATHS = "$(inherited) @executable_path/Frameworks";
				PRODUCT_NAME = "$(TARGET_NAME)";
			};
			name = Release;
		};
		A926DDD01B0615500038F587 /* Debug */ = {
			isa = XCBuildConfiguration;
			buildSettings = {
				BUNDLE_LOADER = "$(TEST_HOST)";
				FRAMEWORK_SEARCH_PATHS = (
					"$(SDKROOT)/Developer/Library/Frameworks",
					"$(inherited)",
				);
				GCC_PREPROCESSOR_DEFINITIONS = (
					"DEBUG=1",
					"$(inherited)",
				);
				INFOPLIST_FILE = "Pitch PerfectTests/Info.plist";
				LD_RUNPATH_SEARCH_PATHS = "$(inherited) @executable_path/Frameworks @loader_path/Frameworks";
				PRODUCT_NAME = "$(TARGET_NAME)";
				TEST_HOST = "$(BUILT_PRODUCTS_DIR)/Pitch Perfect.app/Pitch Perfect";
			};
			name = Debug;
		};
		A926DDD11B0615500038F587 /* Release */ = {
			isa = XCBuildConfiguration;
			buildSettings = {
				BUNDLE_LOADER = "$(TEST_HOST)";
				FRAMEWORK_SEARCH_PATHS = (
					"$(SDKROOT)/Developer/Library/Frameworks",
					"$(inherited)",
				);
				INFOPLIST_FILE = "Pitch PerfectTests/Info.plist";
				LD_RUNPATH_SEARCH_PATHS = "$(inherited) @executable_path/Frameworks @loader_path/Frameworks";
				PRODUCT_NAME = "$(TARGET_NAME)";
				TEST_HOST = "$(BUILT_PRODUCTS_DIR)/Pitch Perfect.app/Pitch Perfect";
			};
			name = Release;
		};
/* End XCBuildConfiguration section */

/* Begin XCConfigurationList section */
		A926DDA81B0615500038F587 /* Build configuration list for PBXProject "Pitch Perfect" */ = {
			isa = XCConfigurationList;
			buildConfigurations = (
				A926DDCA1B0615500038F587 /* Debug */,
				A926DDCB1B0615500038F587 /* Release */,
			);
			defaultConfigurationIsVisible = 0;
			defaultConfigurationName = Release;
		};
		A926DDCC1B0615500038F587 /* Build configuration list for PBXNativeTarget "Pitch Perfect" */ = {
			isa = XCConfigurationList;
			buildConfigurations = (
				A926DDCD1B0615500038F587 /* Debug */,
				A926DDCE1B0615500038F587 /* Release */,
			);
			defaultConfigurationIsVisible = 0;
		};
		A926DDCF1B0615500038F587 /* Build configuration list for PBXNativeTarget "Pitch PerfectTests" */ = {
			isa = XCConfigurationList;
			buildConfigurations = (
				A926DDD01B0615500038F587 /* Debug */,
				A926DDD11B0615500038F587 /* Release */,
			);
			defaultConfigurationIsVisible = 0;
		};
/* End XCConfigurationList section */
	};
	rootObject = A926DDA51B0615500038F587 /* Project object */;
}
